
Microsoft Visual Studio Solution File, Format Version 12.00
# Visual Studio Version 16
VisualStudioVersion = 16.0.30711.63
MinimumVisualStudioVersion = 10.0.40219.1
Project("{888888A0-9F3D-457C-B088-3A5042F75D52}") = "RecoFaciale", "RecoFaciale\RecoFaciale.pyproj", "{C9D7612A-F108-4012-B1F7-74E1730CAC29}"
EndProject
Global
	GlobalSection(SolutionConfigurationPlatforms) = preSolution
		Debug|Any CPU = Debug|Any CPU
		Release|Any CPU = Release|Any CPU
	EndGlobalSection
	GlobalSection(ProjectConfigurationPlatforms) = postSolution
		{C9D7612A-F108-4012-B1F7-74E1730CAC29}.Debug|Any CPU.ActiveCfg = Debug|Any CPU
		{C9D7612A-F108-4012-B1F7-74E1730CAC29}.Release|Any CPU.ActiveCfg = Release|Any CPU
	EndGlobalSection
	GlobalSection(SolutionProperties) = preSolution
		HideSolutionNode = FALSE
	EndGlobalSection
	GlobalSection(ExtensibilityGlobals) = postSolution
		SolutionGuid = {F4F2591D-D482-4641-A835-E23CBC9B88B5}
	EndGlobalSection
EndGlobal
